
Microsoft Visual Studio Solution File, Format Version 12.00
# Visual Studio Version 17
VisualStudioVersion = 17.9.34616.47
MinimumVisualStudioVersion = 10.0.40219.1
Project("{FAE04EC0-301F-11D3-BF4B-00C04F79EFBC}") = "PersonalFinance.Domain", "PersonalFinance.Domain\PersonalFinance.Domain.csproj", "{FE516A02-6928-4105-BCC5-0500CEE48F98}"
EndProject
Project("{FAE04EC0-301F-11D3-BF4B-00C04F79EFBC}") = "PersonalFinance.DAL", "PersonalFinance.DAL\PersonalFinance.DAL.csproj", "{DAD97827-7A34-4B4C-BEF7-40802E24963B}"
EndProject
Project("{FAE04EC0-301F-11D3-BF4B-00C04F79EFBC}") = "PersonalFinance.API", "PersonalFinance.API\PersonalFinance.API.csproj", "{8E06233F-6800-4CCC-B931-66199475B38B}"
EndProject
Global
	GlobalSection(SolutionConfigurationPlatforms) = preSolution
		Debug|Any CPU = Debug|Any CPU
		Release|Any CPU = Release|Any CPU
	EndGlobalSection
	GlobalSection(ProjectConfigurationPlatforms) = postSolution
		{FE516A02-6928-4105-BCC5-0500CEE48F98}.Debug|Any CPU.ActiveCfg = Debug|Any CPU
		{FE516A02-6928-4105-BCC5-0500CEE48F98}.Debug|Any CPU.Build.0 = Debug|Any CPU
		{FE516A02-6928-4105-BCC5-0500CEE48F98}.Release|Any CPU.ActiveCfg = Release|Any CPU
		{FE516A02-6928-4105-BCC5-0500CEE48F98}.Release|Any CPU.Build.0 = Release|Any CPU
		{DAD97827-7A34-4B4C-BEF7-40802E24963B}.Debug|Any CPU.ActiveCfg = Debug|Any CPU
		{DAD97827-7A34-4B4C-BEF7-40802E24963B}.Debug|Any CPU.Build.0 = Debug|Any CPU
		{DAD97827-7A34-4B4C-BEF7-40802E24963B}.Release|Any CPU.ActiveCfg = Release|Any CPU
		{DAD97827-7A34-4B4C-BEF7-40802E24963B}.Release|Any CPU.Build.0 = Release|Any CPU
		{8E06233F-6800-4CCC-B931-66199475B38B}.Debug|Any CPU.ActiveCfg = Debug|Any CPU
		{8E06233F-6800-4CCC-B931-66199475B38B}.Debug|Any CPU.Build.0 = Debug|Any CPU
		{8E06233F-6800-4CCC-B931-66199475B38B}.Release|Any CPU.ActiveCfg = Release|Any CPU
		{8E06233F-6800-4CCC-B931-66199475B38B}.Release|Any CPU.Build.0 = Release|Any CPU
	EndGlobalSection
	GlobalSection(SolutionProperties) = preSolution
		HideSolutionNode = FALSE
	EndGlobalSection
	GlobalSection(ExtensibilityGlobals) = postSolution
		SolutionGuid = {147F8D74-C1E2-4550-866F-4505E208619D}
	EndGlobalSection
EndGlobal
